
Microsoft Visual Studio Solution File, Format Version 12.00
# Visual Studio Version 17
VisualStudioVersion = 17.13.36105.23 d17.13
MinimumVisualStudioVersion = 10.0.40219.1
Project("{FAE04EC0-301F-11D3-BF4B-00C04F79EFBC}") = "azure-sql-sk", "azure-sql-sk.csproj", "{BC8D0DEA-E473-F9A2-CD49-A03B23D80774}"
EndProject
Global
	GlobalSection(SolutionConfigurationPlatforms) = preSolution
		Debug|Any CPU = Debug|Any CPU
		Release|Any CPU = Release|Any CPU
	EndGlobalSection
	GlobalSection(ProjectConfigurationPlatforms) = postSolution
		{BC8D0DEA-E473-F9A2-CD49-A03B23D80774}.Debug|Any CPU.ActiveCfg = Debug|Any CPU
		{BC8D0DEA-E473-F9A2-CD49-A03B23D80774}.Debug|Any CPU.Build.0 = Debug|Any CPU
		{BC8D0DEA-E473-F9A2-CD49-A03B23D80774}.Release|Any CPU.ActiveCfg = Release|Any CPU
		{BC8D0DEA-E473-F9A2-CD49-A03B23D80774}.Release|Any CPU.Build.0 = Release|Any CPU
	EndGlobalSection
	GlobalSection(SolutionProperties) = preSolution
		HideSolutionNode = FALSE
	EndGlobalSection
	GlobalSection(ExtensibilityGlobals) = postSolution
		SolutionGuid = {194DF031-3497-4270-B4D4-F7389BC37516}
	EndGlobalSection
EndGlobal
